// !$*UTF8*$!
{
	archiveVersion = 1;
	classes = {
	};
	objectVersion = 46;
	objects = {

/* Begin PBXBuildFile section */
		E7A4739D1875D359000714FF /* Foundation.framework in Frameworks */ = {isa = PBXBuildFile; fileRef = E7A4739C1875D359000714FF /* Foundation.framework */; };
		E7A4739F1875D359000714FF /* CoreGraphics.framework in Frameworks */ = {isa = PBXBuildFile; fileRef = E7A4739E1875D359000714FF /* CoreGraphics.framework */; };
		E7A473A11875D359000714FF /* UIKit.framework in Frameworks */ = {isa = PBXBuildFile; fileRef = E7A473A01875D359000714FF /* UIKit.framework */; };
		E7A473A71875D359000714FF /* InfoPlist.strings in Resources */ = {isa = PBXBuildFile; fileRef = E7A473A51875D359000714FF /* InfoPlist.strings */; };
		E7A473A91875D359000714FF /* main.m in Sources */ = {isa = PBXBuildFile; fileRef = E7A473A81875D359000714FF /* main.m */; };
		E7A473AD1875D359000714FF /* AppDelegate.m in Sources */ = {isa = PBXBuildFile; fileRef = E7A473AC1875D359000714FF /* AppDelegate.m */; };
		E7A473B01875D359000714FF /* Main_iPhone.storyboard in Resources */ = {isa = PBXBuildFile; fileRef = E7A473AE1875D359000714FF /* Main_iPhone.storyboard */; };
		E7A473B31875D359000714FF /* Main_iPad.storyboard in Resources */ = {isa = PBXBuildFile; fileRef = E7A473B11875D359000714FF /* Main_iPad.storyboard */; };
		E7A473B61875D359000714FF /* ViewController.m in Sources */ = {isa = PBXBuildFile; fileRef = E7A473B51875D359000714FF /* ViewController.m */; };
		E7A473B81875D359000714FF /* Images.xcassets in Resources */ = {isa = PBXBuildFile; fileRef = E7A473B71875D359000714FF /* Images.xcassets */; };
		E7A473BF1875D359000714FF /* XCTest.framework in Frameworks */ = {isa = PBXBuildFile; fileRef = E7A473BE1875D359000714FF /* XCTest.framework */; };
		E7A473C01875D359000714FF /* Foundation.framework in Frameworks */ = {isa = PBXBuildFile; fileRef = E7A4739C1875D359000714FF /* Foundation.framework */; };
		E7A473C11875D359000714FF /* UIKit.framework in Frameworks */ = {isa = PBXBuildFile; fileRef = E7A473A01875D359000714FF /* UIKit.framework */; };
		E7A473C91875D359000714FF /* InfoPlist.strings in Resources */ = {isa = PBXBuildFile; fileRef = E7A473C71875D359000714FF /* InfoPlist.strings */; };
		E7A473CB1875D359000714FF /* keychainTests.m in Sources */ = {isa = PBXBuildFile; fileRef = E7A473CA1875D359000714FF /* keychainTests.m */; };
		E7A473D61875D45C000714FF /* KeychainManager.m in Sources */ = {isa = PBXBuildFile; fileRef = E7A473D51875D45C000714FF /* KeychainManager.m */; };
/* End PBXBuildFile section */

/* Begin PBXContainerItemProxy section */
		E7A473C21875D359000714FF /* PBXContainerItemProxy */ = {
			isa = PBXContainerItemProxy;
			containerPortal = E7A473911875D359000714FF /* Project object */;
			proxyType = 1;
			remoteGlobalIDString = E7A473981875D359000714FF;
			remoteInfo = keychain;
		};
/* End PBXContainerItemProxy section */

/* Begin PBXFileReference section */
		E7A473991875D359000714FF /* keychain.app */ = {isa = PBXFileReference; explicitFileType = wrapper.application; includeInIndex = 0; path = keychain.app; sourceTree = BUILT_PRODUCTS_DIR; };
		E7A4739C1875D359000714FF /* Foundation.framework */ = {isa = PBXFileReference; lastKnownFileType = wrapper.framework; name = Foundation.framework; path = System/Library/Frameworks/Foundation.framework; sourceTree = SDKROOT; };
		E7A4739E1875D359000714FF /* CoreGraphics.framework */ = {isa = PBXFileReference; lastKnownFileType = wrapper.framework; name = CoreGraphics.framework; path = System/Library/Frameworks/CoreGraphics.framework; sourceTree = SDKROOT; };
		E7A473A01875D359000714FF /* UIKit.framework */ = {isa = PBXFileReference; lastKnownFileType = wrapper.framework; name = UIKit.framework; path = System/Library/Frameworks/UIKit.framework; sourceTree = SDKROOT; };
		E7A473A41875D359000714FF /* keychain-Info.plist */ = {isa = PBXFileReference; lastKnownFileType = text.plist.xml; path = "keychain-Info.plist"; sourceTree = "<group>"; };
		E7A473A61875D359000714FF /* en */ = {isa = PBXFileReference; lastKnownFileType = text.plist.strings; name = en; path = en.lproj/InfoPlist.strings; sourceTree = "<group>"; };
		E7A473A81875D359000714FF /* main.m */ = {isa = PBXFileReference; lastKnownFileType = sourcecode.c.objc; path = main.m; sourceTree = "<group>"; };
		E7A473AA1875D359000714FF /* keychain-Prefix.pch */ = {isa = PBXFileReference; lastKnownFileType = sourcecode.c.h; path = "keychain-Prefix.pch"; sourceTree = "<group>"; };
		E7A473AB1875D359000714FF /* AppDelegate.h */ = {isa = PBXFileReference; lastKnownFileType = sourcecode.c.h; path = AppDelegate.h; sourceTree = "<group>"; };
		E7A473AC1875D359000714FF /* AppDelegate.m */ = {isa = PBXFileReference; lastKnownFileType = sourcecode.c.objc; path = AppDelegate.m; sourceTree = "<group>"; };
		E7A473AF1875D359000714FF /* Base */ = {isa = PBXFileReference; lastKnownFileType = file.storyboard; name = Base; path = Base.lproj/Main_iPhone.storyboard; sourceTree = "<group>"; };
		E7A473B21875D359000714FF /* Base */ = {isa = PBXFileReference; lastKnownFileType = file.storyboard; name = Base; path = Base.lproj/Main_iPad.storyboard; sourceTree = "<group>"; };
		E7A473B41875D359000714FF /* ViewController.h */ = {isa = PBXFileReference; lastKnownFileType = sourcecode.c.h; path = ViewController.h; sourceTree = "<group>"; };
		E7A473B51875D359000714FF /* ViewController.m */ = {isa = PBXFileReference; lastKnownFileType = sourcecode.c.objc; path = ViewController.m; sourceTree = "<group>"; };
		E7A473B71875D359000714FF /* Images.xcassets */ = {isa = PBXFileReference; lastKnownFileType = folder.assetcatalog; path = Images.xcassets; sourceTree = "<group>"; };
		E7A473BD1875D359000714FF /* keychainTests.xctest */ = {isa = PBXFileReference; explicitFileType = wrapper.cfbundle; includeInIndex = 0; path = keychainTests.xctest; sourceTree = BUILT_PRODUCTS_DIR; };
		E7A473BE1875D359000714FF /* XCTest.framework */ = {isa = PBXFileReference; lastKnownFileType = wrapper.framework; name = XCTest.framework; path = Library/Frameworks/XCTest.framework; sourceTree = DEVELOPER_DIR; };
		E7A473C61875D359000714FF /* keychainTests-Info.plist */ = {isa = PBXFileReference; lastKnownFileType = text.plist.xml; path = "keychainTests-Info.plist"; sourceTree = "<group>"; };
		E7A473C81875D359000714FF /* en */ = {isa = PBXFileReference; lastKnownFileType = text.plist.strings; name = en; path = en.lproj/InfoPlist.strings; sourceTree = "<group>"; };
		E7A473CA1875D359000714FF /* keychainTests.m */ = {isa = PBXFileReference; lastKnownFileType = sourcecode.c.objc; path = keychainTests.m; sourceTree = "<group>"; };
		E7A473D41875D45C000714FF /* KeychainManager.h */ = {isa = PBXFileReference; fileEncoding = 4; lastKnownFileType = sourcecode.c.h; path = KeychainManager.h; sourceTree = "<group>"; };
		E7A473D51875D45C000714FF /* KeychainManager.m */ = {isa = PBXFileReference; fileEncoding = 4; lastKnownFileType = sourcecode.c.objc; path = KeychainManager.m; sourceTree = "<group>"; };
/* End PBXFileReference section */

/* Begin PBXFrameworksBuildPhase section */
		E7A473961875D359000714FF /* Frameworks */ = {
			isa = PBXFrameworksBuildPhase;
			buildActionMask = 2147483647;
			files = (
				E7A4739F1875D359000714FF /* CoreGraphics.framework in Frameworks */,
				E7A473A11875D359000714FF /* UIKit.framework in Frameworks */,
				E7A4739D1875D359000714FF /* Foundation.framework in Frameworks */,
			);
			runOnlyForDeploymentPostprocessing = 0;
		};
		E7A473BA1875D359000714FF /* Frameworks */ = {
			isa = PBXFrameworksBuildPhase;
			buildActionMask = 2147483647;
			files = (
				E7A473BF1875D359000714FF /* XCTest.framework in Frameworks */,
				E7A473C11875D359000714FF /* UIKit.framework in Frameworks */,
				E7A473C01875D359000714FF /* Foundation.framework in Frameworks */,
			);
			runOnlyForDeploymentPostprocessing = 0;
		};
/* End PBXFrameworksBuildPhase section */

/* Begin PBXGroup section */
		E7A473901875D359000714FF = {
			isa = PBXGroup;
			children = (
				E7A473A21875D359000714FF /* keychain */,
				E7A473C41875D359000714FF /* keychainTests */,
				E7A4739B1875D359000714FF /* Frameworks */,
				E7A4739A1875D359000714FF /* Products */,
			);
			sourceTree = "<group>";
		};
		E7A4739A1875D359000714FF /* Products */ = {
			isa = PBXGroup;
			children = (
				E7A473991875D359000714FF /* keychain.app */,
				E7A473BD1875D359000714FF /* keychainTests.xctest */,
			);
			name = Products;
			sourceTree = "<group>";
		};
		E7A4739B1875D359000714FF /* Frameworks */ = {
			isa = PBXGroup;
			children = (
				E7A4739C1875D359000714FF /* Foundation.framework */,
				E7A4739E1875D359000714FF /* CoreGraphics.framework */,
				E7A473A01875D359000714FF /* UIKit.framework */,
				E7A473BE1875D359000714FF /* XCTest.framework */,
			);
			name = Frameworks;
			sourceTree = "<group>";
		};
		E7A473A21875D359000714FF /* keychain */ = {
			isa = PBXGroup;
			children = (
				E7A473AB1875D359000714FF /* AppDelegate.h */,
				E7A473AC1875D359000714FF /* AppDelegate.m */,
				E7A473D41875D45C000714FF /* KeychainManager.h */,
				E7A473D51875D45C000714FF /* KeychainManager.m */,
				E7A473AE1875D359000714FF /* Main_iPhone.storyboard */,
				E7A473B11875D359000714FF /* Main_iPad.storyboard */,
				E7A473B41875D359000714FF /* ViewController.h */,
				E7A473B51875D359000714FF /* ViewController.m */,
				E7A473B71875D359000714FF /* Images.xcassets */,
				E7A473A31875D359000714FF /* Supporting Files */,
			);
			path = keychain;
			sourceTree = "<group>";
		};
		E7A473A31875D359000714FF /* Supporting Files */ = {
			isa = PBXGroup;
			children = (
				E7A473A41875D359000714FF /* keychain-Info.plist */,
				E7A473A51875D359000714FF /* InfoPlist.strings */,
				E7A473A81875D359000714FF /* main.m */,
				E7A473AA1875D359000714FF /* keychain-Prefix.pch */,
			);
			name = "Supporting Files";
			sourceTree = "<group>";
		};
		E7A473C41875D359000714FF /* keychainTests */ = {
			isa = PBXGroup;
			children = (
				E7A473CA1875D359000714FF /* keychainTests.m */,
				E7A473C51875D359000714FF /* Supporting Files */,
			);
			path = keychainTests;
			sourceTree = "<group>";
		};
		E7A473C51875D359000714FF /* Supporting Files */ = {
			isa = PBXGroup;
			children = (
				E7A473C61875D359000714FF /* keychainTests-Info.plist */,
				E7A473C71875D359000714FF /* InfoPlist.strings */,
			);
			name = "Supporting Files";
			sourceTree = "<group>";
		};
/* End PBXGroup section */

/* Begin PBXNativeTarget section */
		E7A473981875D359000714FF /* keychain */ = {
			isa = PBXNativeTarget;
			buildConfigurationList = E7A473CE1875D359000714FF /* Build configuration list for PBXNativeTarget "keychain" */;
			buildPhases = (
				E7A473951875D359000714FF /* Sources */,
				E7A473961875D359000714FF /* Frameworks */,
				E7A473971875D359000714FF /* Resources */,
			);
			buildRules = (
			);
			dependencies = (
			);
			name = keychain;
			productName = keychain;
			productReference = E7A473991875D359000714FF /* keychain.app */;
			productType = "com.apple.product-type.application";
		};
		E7A473BC1875D359000714FF /* keychainTests */ = {
			isa = PBXNativeTarget;
			buildConfigurationList = E7A473D11875D359000714FF /* Build configuration list for PBXNativeTarget "keychainTests" */;
			buildPhases = (
				E7A473B91875D359000714FF /* Sources */,
				E7A473BA1875D359000714FF /* Frameworks */,
				E7A473BB1875D359000714FF /* Resources */,
			);
			buildRules = (
			);
			dependencies = (
				E7A473C31875D359000714FF /* PBXTargetDependency */,
			);
			name = keychainTests;
			productName = keychainTests;
			productReference = E7A473BD1875D359000714FF /* keychainTests.xctest */;
			productType = "com.apple.product-type.bundle.unit-test";
		};
/* End PBXNativeTarget section */

/* Begin PBXProject section */
		E7A473911875D359000714FF /* Project object */ = {
			isa = PBXProject;
			attributes = {
				LastUpgradeCheck = 0500;
				ORGANIZATIONNAME = "Alex Reynolds";
				TargetAttributes = {
					E7A473BC1875D359000714FF = {
						TestTargetID = E7A473981875D359000714FF;
					};
				};
			};
			buildConfigurationList = E7A473941875D359000714FF /* Build configuration list for PBXProject "keychain" */;
			compatibilityVersion = "Xcode 3.2";
			developmentRegion = English;
			hasScannedForEncodings = 0;
			knownRegions = (
				en,
				Base,
			);
			mainGroup = E7A473901875D359000714FF;
			productRefGroup = E7A4739A1875D359000714FF /* Products */;
			projectDirPath = "";
			projectRoot = "";
			targets = (
				E7A473981875D359000714FF /* keychain */,
				E7A473BC1875D359000714FF /* keychainTests */,
			);
		};
/* End PBXProject section */

/* Begin PBXResourcesBuildPhase section */
		E7A473971875D359000714FF /* Resources */ = {
			isa = PBXResourcesBuildPhase;
			buildActionMask = 2147483647;
			files = (
				E7A473B31875D359000714FF /* Main_iPad.storyboard in Resources */,
				E7A473B81875D359000714FF /* Images.xcassets in Resources */,
				E7A473B01875D359000714FF /* Main_iPhone.storyboard in Resources */,
				E7A473A71875D359000714FF /* InfoPlist.strings in Resources */,
			);
			runOnlyForDeploymentPostprocessing = 0;
		};
		E7A473BB1875D359000714FF /* Resources */ = {
			isa = PBXResourcesBuildPhase;
			buildActionMask = 2147483647;
			files = (
				E7A473C91875D359000714FF /* InfoPlist.strings in Resources */,
			);
			runOnlyForDeploymentPostprocessing = 0;
		};
/* End PBXResourcesBuildPhase section */

/* Begin PBXSourcesBuildPhase section */
		E7A473951875D359000714FF /* Sources */ = {
			isa = PBXSourcesBuildPhase;
			buildActionMask = 2147483647;
			files = (
				E7A473B61875D359000714FF /* ViewController.m in Sources */,
				E7A473AD1875D359000714FF /* AppDelegate.m in Sources */,
				E7A473A91875D359000714FF /* main.m in Sources */,
				E7A473D61875D45C000714FF /* KeychainManager.m in Sources */,
			);
			runOnlyForDeploymentPostprocessing = 0;
		};
		E7A473B91875D359000714FF /* Sources */ = {
			isa = PBXSourcesBuildPhase;
			buildActionMask = 2147483647;
			files = (
				E7A473CB1875D359000714FF /* keychainTests.m in Sources */,
			);
			runOnlyForDeploymentPostprocessing = 0;
		};
/* End PBXSourcesBuildPhase section */

/* Begin PBXTargetDependency section */
		E7A473C31875D359000714FF /* PBXTargetDependency */ = {
			isa = PBXTargetDependency;
			target = E7A473981875D359000714FF /* keychain */;
			targetProxy = E7A473C21875D359000714FF /* PBXContainerItemProxy */;
		};
/* End PBXTargetDependency section */

/* Begin PBXVariantGroup section */
		E7A473A51875D359000714FF /* InfoPlist.strings */ = {
			isa = PBXVariantGroup;
			children = (
				E7A473A61875D359000714FF /* en */,
			);
			name = InfoPlist.strings;
			sourceTree = "<group>";
		};
		E7A473AE1875D359000714FF /* Main_iPhone.storyboard */ = {
			isa = PBXVariantGroup;
			children = (
				E7A473AF1875D359000714FF /* Base */,
			);
			name = Main_iPhone.storyboard;
			sourceTree = "<group>";
		};
		E7A473B11875D359000714FF /* Main_iPad.storyboard */ = {
			isa = PBXVariantGroup;
			children = (
				E7A473B21875D359000714FF /* Base */,
			);
			name = Main_iPad.storyboard;
			sourceTree = "<group>";
		};
		E7A473C71875D359000714FF /* InfoPlist.strings */ = {
			isa = PBXVariantGroup;
			children = (
				E7A473C81875D359000714FF /* en */,
			);
			name = InfoPlist.strings;
			sourceTree = "<group>";
		};
/* End PBXVariantGroup section */

/* Begin XCBuildConfiguration section */
		E7A473CC1875D359000714FF /* Debug */ = {
			isa = XCBuildConfiguration;
			buildSettings = {
				ALWAYS_SEARCH_USER_PATHS = NO;
				ARCHS = "$(ARCHS_STANDARD_INCLUDING_64_BIT)";
				CLANG_CXX_LANGUAGE_STANDARD = "gnu++0x";
				CLANG_CXX_LIBRARY = "libc++";
				CLANG_ENABLE_MODULES = YES;
				CLANG_ENABLE_OBJC_ARC = YES;
				CLANG_WARN_BOOL_CONVERSION = YES;
				CLANG_WARN_CONSTANT_CONVERSION = YES;
				CLANG_WARN_DIRECT_OBJC_ISA_USAGE = YES_ERROR;
				CLANG_WARN_EMPTY_BODY = YES;
				CLANG_WARN_ENUM_CONVERSION = YES;
				CLANG_WARN_INT_CONVERSION = YES;
				CLANG_WARN_OBJC_ROOT_CLASS = YES_ERROR;
				CLANG_WARN__DUPLICATE_METHOD_MATCH = YES;
				"CODE_SIGN_IDENTITY[sdk=iphoneos*]" = "iPhone Developer";
				COPY_PHASE_STRIP = NO;
				GCC_C_LANGUAGE_STANDARD = gnu99;
				GCC_DYNAMIC_NO_PIC = NO;
				GCC_OPTIMIZATION_LEVEL = 0;
				GCC_PREPROCESSOR_DEFINITIONS = (
					"DEBUG=1",
					"$(inherited)",
				);
				GCC_SYMBOLS_PRIVATE_EXTERN = NO;
				GCC_WARN_64_TO_32_BIT_CONVERSION = YES;
				GCC_WARN_ABOUT_RETURN_TYPE = YES_ERROR;
				GCC_WARN_UNDECLARED_SELECTOR = YES;
				GCC_WARN_UNINITIALIZED_AUTOS = YES;
				GCC_WARN_UNUSED_FUNCTION = YES;
				GCC_WARN_UNUSED_VARIABLE = YES;
				IPHONEOS_DEPLOYMENT_TARGET = 7.0;
				ONLY_ACTIVE_ARCH = YES;
				SDKROOT = iphoneos;
				TARGETED_DEVICE_FAMILY = "1,2";
			};
			name = Debug;
		};
		E7A473CD1875D359000714FF /* Release */ = {
			isa = XCBuildConfiguration;
			buildSettings = {
				ALWAYS_SEARCH_USER_PATHS = NO;
				ARCHS = "$(ARCHS_STANDARD_INCLUDING_64_BIT)";
				CLANG_CXX_LANGUAGE_STANDARD = "gnu++0x";
				CLANG_CXX_LIBRARY = "libc++";
				CLANG_ENABLE_MODULES = YES;
				CLANG_ENABLE_OBJC_ARC = YES;
				CLANG_WARN_BOOL_CONVERSION = YES;
				CLANG_WARN_CONSTANT_CONVERSION = YES;
				CLANG_WARN_DIRECT_OBJC_ISA_USAGE = YES_ERROR;
				CLANG_WARN_EMPTY_BODY = YES;
				CLANG_WARN_ENUM_CONVERSION = YES;
				CLANG_WARN_INT_CONVERSION = YES;
				CLANG_WARN_OBJC_ROOT_CLASS = YES_ERROR;
				CLANG_WARN__DUPLICATE_METHOD_MATCH = YES;
				"CODE_SIGN_IDENTITY[sdk=iphoneos*]" = "iPhone Developer";
				COPY_PHASE_STRIP = YES;
				ENABLE_NS_ASSERTIONS = NO;
				GCC_C_LANGUAGE_STANDARD = gnu99;
				GCC_WARN_64_TO_32_BIT_CONVERSION = YES;
				GCC_WARN_ABOUT_RETURN_TYPE = YES_ERROR;
				GCC_WARN_UNDECLARED_SELECTOR = YES;
				GCC_WARN_UNINITIALIZED_AUTOS = YES;
				GCC_WARN_UNUSED_FUNCTION = YES;
				GCC_WARN_UNUSED_VARIABLE = YES;
				IPHONEOS_DEPLOYMENT_TARGET = 7.0;
				SDKROOT = iphoneos;
				TARGETED_DEVICE_FAMILY = "1,2";
				VALIDATE_PRODUCT = YES;
			};
			name = Release;
		};
		E7A473CF1875D359000714FF /* Debug */ = {
			isa = XCBuildConfiguration;
			buildSettings = {
				ASSETCATALOG_COMPILER_APPICON_NAME = AppIcon;
				ASSETCATALOG_COMPILER_LAUNCHIMAGE_NAME = LaunchImage;
				GCC_PRECOMPILE_PREFIX_HEADER = YES;
				GCC_PREFIX_HEADER = "keychain/keychain-Prefix.pch";
				INFOPLIST_FILE = "keychain/keychain-Info.plist";
				PRODUCT_NAME = "$(TARGET_NAME)";
				WRAPPER_EXTENSION = app;
			};
			name = Debug;
		};
		E7A473D01875D359000714FF /* Release */ = {
			isa = XCBuildConfiguration;
			buildSettings = {
				ASSETCATALOG_COMPILER_APPICON_NAME = AppIcon;
				ASSETCATALOG_COMPILER_LAUNCHIMAGE_NAME = LaunchImage;
				GCC_PRECOMPILE_PREFIX_HEADER = YES;
				GCC_PREFIX_HEADER = "keychain/keychain-Prefix.pch";
				INFOPLIST_FILE = "keychain/keychain-Info.plist";
				PRODUCT_NAME = "$(TARGET_NAME)";
				WRAPPER_EXTENSION = app;
			};
			name = Release;
		};
		E7A473D21875D359000714FF /* Debug */ = {
			isa = XCBuildConfiguration;
			buildSettings = {
				ARCHS = "$(ARCHS_STANDARD_INCLUDING_64_BIT)";
				BUNDLE_LOADER = "$(BUILT_PRODUCTS_DIR)/keychain.app/keychain";
				FRAMEWORK_SEARCH_PATHS = (
					"$(SDKROOT)/Developer/Library/Frameworks",
					"$(inherited)",
					"$(DEVELOPER_FRAMEWORKS_DIR)",
				);
				GCC_PRECOMPILE_PREFIX_HEADER = YES;
				GCC_PREFIX_HEADER = "keychain/keychain-Prefix.pch";
				GCC_PREPROCESSOR_DEFINITIONS = (
					"DEBUG=1",
					"$(inherited)",
				);
				INFOPLIST_FILE = "keychainTests/keychainTests-Info.plist";
				PRODUCT_NAME = "$(TARGET_NAME)";
				TEST_HOST = "$(BUNDLE_LOADER)";
				WRAPPER_EXTENSION = xctest;
			};
			name = Debug;
		};
		E7A473D31875D359000714FF /* Release */ = {
			isa = XCBuildConfiguration;
			buildSettings = {
				ARCHS = "$(ARCHS_STANDARD_INCLUDING_64_BIT)";
				BUNDLE_LOADER = "$(BUILT_PRODUCTS_DIR)/keychain.app/keychain";
				FRAMEWORK_SEARCH_PATHS = (
					"$(SDKROOT)/Developer/Library/Frameworks",
					"$(inherited)",
					"$(DEVELOPER_FRAMEWORKS_DIR)",
				);
				GCC_PRECOMPILE_PREFIX_HEADER = YES;
				GCC_PREFIX_HEADER = "keychain/keychain-Prefix.pch";
				INFOPLIST_FILE = "keychainTests/keychainTests-Info.plist";
				PRODUCT_NAME = "$(TARGET_NAME)";
				TEST_HOST = "$(BUNDLE_LOADER)";
				WRAPPER_EXTENSION = xctest;
			};
			name = Release;
		};
/* End XCBuildConfiguration section */

/* Begin XCConfigurationList section */
		E7A473941875D359000714FF /* Build configuration list for PBXProject "keychain" */ = {
			isa = XCConfigurationList;
			buildConfigurations = (
				E7A473CC1875D359000714FF /* Debug */,
				E7A473CD1875D359000714FF /* Release */,
			);
			defaultConfigurationIsVisible = 0;
			defaultConfigurationName = Release;
		};
		E7A473CE1875D359000714FF /* Build configuration list for PBXNativeTarget "keychain" */ = {
			isa = XCConfigurationList;
			buildConfigurations = (
				E7A473CF1875D359000714FF /* Debug */,
				E7A473D01875D359000714FF /* Release */,
			);
			defaultConfigurationIsVisible = 0;
		};
		E7A473D11875D359000714FF /* Build configuration list for PBXNativeTarget "keychainTests" */ = {
			isa = XCConfigurationList;
			buildConfigurations = (
				E7A473D21875D359000714FF /* Debug */,
				E7A473D31875D359000714FF /* Release */,
			);
			defaultConfigurationIsVisible = 0;
		};
/* End XCConfigurationList section */
	};
	rootObject = E7A473911875D359000714FF /* Project object */;
}
